<?xml version="1.0" encoding="UTF-8"?>
<Scheme
   LastUpgradeVersion = "0800"
   version = "1.3">
   <BuildAction
      parallelizeBuildables = "YES"
      buildImplicitDependencies = "YES">
      <BuildActionEntries>
         <BuildActionEntry
            buildForTesting = "YES"
            buildForRunning = "YES"
            buildForProfiling = "YES"
            buildForArchiving = "YES"
            buildForAnalyzing = "YES">
            <BuildableReference
               BuildableIdentifier = "primary"
               BlueprintIdentifier = "63F803C21AB89A0F00E4DEE1"
               BuildableName = "PromiseKit.framework"
               BlueprintName = "PMKmacOS"
               ReferencedContainer = "container:PromiseKit.xcodeproj">
            </BuildableReference>
         </BuildActionEntry>
      </BuildActionEntries>
   </BuildAction>
   <TestAction
      buildConfiguration = "Debug"
      selectedDebuggerIdentifier = "Xcode.DebuggerFoundation.Debugger.LLDB"
      selectedLauncherIdentifier = "Xcode.DebuggerFoundation.Launcher.LLDB"
      shouldUseLaunchSchemeArgsEnv = "YES"
      codeCoverageEnabled = "YES">
      <Testables>
         <TestableReference
            skipped = "NO">
            <BuildableReference
               BuildableIdentifier = "primary"
               BlueprintIdentifier = "63533B321AE57A9300C10972"
               BuildableName = "PMKA+.xctest"
               BlueprintName = "PMKTests/A+"
               ReferencedContainer = "container:PromiseKit.xcodeproj">
            </BuildableReference>
         </TestableReference>
         <TestableReference
            skipped = "NO">
            <BuildableReference
               BuildableIdentifier = "primary"
               BlueprintIdentifier = "63CA14481AE9FBD000223904"
               BuildableName = "PMKCategories.macOS.xctest"
               BlueprintName = "PMKTests/Categories/macOS"
               ReferencedContainer = "container:PromiseKit.xcodeproj">
            </BuildableReference>
         </TestableReference>
         <TestableReference
            skipped = "NO">
            <BuildableReference
               BuildableIdentifier = "primary"
               BlueprintIdentifier = "6388E1A11AD315F90074D85B"
               BuildableName = "PMKCore.xctest"
               BlueprintName = "PMKTests/Core"
               ReferencedContainer = "container:PromiseKit.xcodeproj">
            </BuildableReference>
         </TestableReference>
         <TestableReference
            skipped = "NO">
            <BuildableReference
               BuildableIdentifier = "primary"
               BlueprintIdentifier = "17470C421CBF8A9D004FBBB8"
               BuildableName = "PMKDefaultDispatchQueue.xctest"
               BlueprintName = "PMKTests/DefaultDispatchQueue"
               ReferencedContainer = "container:PromiseKit.xcodeproj">
            </BuildableReference>
         </TestableReference>
         <TestableReference
            skipped = "NO">
            <BuildableReference
               BuildableIdentifier = "primary"
               BlueprintIdentifier = "631483D81D2EE76200731B01"
               BuildableName = "PMKBridging.xctest"
               BlueprintName = "PMKTests/Bridging"
               ReferencedContainer = "container:PromiseKit.xcodeproj">
            </BuildableReference>
         </TestableReference>
         <TestableReference
            skipped = "NO">
            <BuildableReference
               BuildableIdentifier = "primary"
               BlueprintIdentifier = "631483F91D2EF66400731B01"
               BuildableName = "ErrorUnhandler.xctest"
               BlueprintName = "PMKTests/ErrorUnhandler"
               ReferencedContainer = "container:PromiseKit.xcodeproj">
            </BuildableReference>
         </TestableReference>
      </Testables>
      <MacroExpansion>
         <BuildableReference
            BuildableIdentifier = "primary"
            BlueprintIdentifier = "63F803C21AB89A0F00E4DEE1"
            BuildableName = "PromiseKit.framework"
            BlueprintName = "PMKmacOS"
            ReferencedContainer = "container:PromiseKit.xcodeproj">
         </BuildableReference>
      </MacroExpansion>
      <AdditionalOptions>
      </AdditionalOptions>
   </TestAction>
   <LaunchAction
      buildConfiguration = "Debug"
      selectedDebuggerIdentifier = "Xcode.DebuggerFoundation.Debugger.LLDB"
      selectedLauncherIdentifier = "Xcode.DebuggerFoundation.Launcher.LLDB"
      launchStyle = "0"
      useCustomWorkingDirectory = "NO"
      ignoresPersistentStateOnLaunch = "NO"
      debugDocumentVersioning = "YES"
      debugServiceExtension = "internal"
      allowLocationSimulation = "YES">
      <MacroExpansion>
         <BuildableReference
            BuildableIdentifier = "primary"
            BlueprintIdentifier = "63F803C21AB89A0F00E4DEE1"
            BuildableName = "PromiseKit.framework"
            BlueprintName = "PMKmacOS"
            ReferencedContainer = "container:PromiseKit.xcodeproj">
         </BuildableReference>
      </MacroExpansion>
      <AdditionalOptions>
      </AdditionalOptions>
   </LaunchAction>
   <ProfileAction
      buildConfiguration = "Release"
      shouldUseLaunchSchemeArgsEnv = "YES"
      savedToolIdentifier = ""
      useCustomWorkingDirectory = "NO"
      debugDocumentVersioning = "YES">
      <MacroExpansion>
         <BuildableReference
            BuildableIdentifier = "primary"
            BlueprintIdentifier = "63F803C21AB89A0F00E4DEE1"
            BuildableName = "PromiseKit.framework"
            BlueprintName = "PMKmacOS"
            ReferencedContainer = "container:PromiseKit.xcodeproj">
         </BuildableReference>
      </MacroExpansion>
   </ProfileAction>
   <AnalyzeAction
      buildConfiguration = "Debug">
   </AnalyzeAction>
   <ArchiveAction
      buildConfiguration = "Release"
      revealArchiveInOrganizer = "YES">
   </ArchiveAction>
</Scheme>
