// !$*UTF8*$!
{
	archiveVersion = 1;
	classes = {
	};
	objectVersion = 46;
	objects = {

/* Begin PBXBuildFile section */
		63A8E52F1ABD016A00BEBB1A /* PMKPromise.m in Sources */ = {isa = PBXBuildFile; fileRef = 6389334B1AAF65050078F9B6 /* PMKPromise.m */; };
		63A8E5301ABD016A00BEBB1A /* PMKPromise+Hang.m in Sources */ = {isa = PBXBuildFile; fileRef = 6389334C1AAF65050078F9B6 /* PMKPromise+Hang.m */; };
		63A8E5311ABD016A00BEBB1A /* PMKPromise+Join.m in Sources */ = {isa = PBXBuildFile; fileRef = 6389334D1AAF65050078F9B6 /* PMKPromise+Join.m */; };
		63A8E5321ABD016A00BEBB1A /* PMKPromise+Pause.m in Sources */ = {isa = PBXBuildFile; fileRef = 6389334E1AAF65050078F9B6 /* PMKPromise+Pause.m */; };
		63A8E5331ABD016A00BEBB1A /* PMKPromise+Until.m in Sources */ = {isa = PBXBuildFile; fileRef = 6389334F1AAF65050078F9B6 /* PMKPromise+Until.m */; };
		63A8E5341ABD016A00BEBB1A /* PMKPromise+When.m in Sources */ = {isa = PBXBuildFile; fileRef = 638933501AAF65050078F9B6 /* PMKPromise+When.m */; };
		63A8E5351ABD016A00BEBB1A /* PMKPromise+Zalgo.m in Sources */ = {isa = PBXBuildFile; fileRef = 638933511AAF65050078F9B6 /* PMKPromise+Zalgo.m */; };
		63A8E5361ABD016A00BEBB1A /* initializers.spec.m in Sources */ = {isa = PBXBuildFile; fileRef = 638933DA1AAFC3B40078F9B6 /* initializers.spec.m */; };
		63A8E5371ABD016A00BEBB1A /* PMKPromise.test.m in Sources */ = {isa = PBXBuildFile; fileRef = 638933DB1AAFC3B40078F9B6 /* PMKPromise.test.m */; };
/* End PBXBuildFile section */

/* Begin PBXCopyFilesBuildPhase section */
		639339B41ABCF63F00B7AAA9 /* CopyFiles */ = {
			isa = PBXCopyFilesBuildPhase;
			buildActionMask = 2147483647;
			dstPath = "";
			dstSubfolderSpec = 10;
			files = (
			);
			runOnlyForDeploymentPostprocessing = 0;
		};
/* End PBXCopyFilesBuildPhase section */

/* Begin PBXFileReference section */
		6384FD1019EECD2400613CBF /* PMK.playground */ = {isa = PBXFileReference; lastKnownFileType = file.playground; path = PMK.playground; sourceTree = "<group>"; };
		638933311AAF65050078F9B6 /* ACAccountStore+PromiseKit.h */ = {isa = PBXFileReference; fileEncoding = 4; lastKnownFileType = sourcecode.c.h; name = "ACAccountStore+PromiseKit.h"; path = "objc/ACAccountStore+PromiseKit.h"; sourceTree = "<group>"; };
		638933321AAF65050078F9B6 /* ACAccountStore+PromiseKit.m */ = {isa = PBXFileReference; fileEncoding = 4; lastKnownFileType = sourcecode.c.objc; name = "ACAccountStore+PromiseKit.m"; path = "objc/ACAccountStore+PromiseKit.m"; sourceTree = "<group>"; };
		638933331AAF65050078F9B6 /* AVAudioSession+PromiseKit.h */ = {isa = PBXFileReference; fileEncoding = 4; lastKnownFileType = sourcecode.c.h; name = "AVAudioSession+PromiseKit.h"; path = "objc/AVAudioSession+PromiseKit.h"; sourceTree = "<group>"; };
		638933341AAF65050078F9B6 /* AVAudioSession+PromiseKit.m */ = {isa = PBXFileReference; fileEncoding = 4; lastKnownFileType = sourcecode.c.objc; name = "AVAudioSession+PromiseKit.m"; path = "objc/AVAudioSession+PromiseKit.m"; sourceTree = "<group>"; };
		638933351AAF65050078F9B6 /* CALayer+PromiseKit.h */ = {isa = PBXFileReference; fileEncoding = 4; lastKnownFileType = sourcecode.c.h; name = "CALayer+PromiseKit.h"; path = "objc/CALayer+PromiseKit.h"; sourceTree = "<group>"; };
		638933361AAF65050078F9B6 /* CALayer+PromiseKit.m */ = {isa = PBXFileReference; fileEncoding = 4; lastKnownFileType = sourcecode.c.objc; name = "CALayer+PromiseKit.m"; path = "objc/CALayer+PromiseKit.m"; sourceTree = "<group>"; };
		638933371AAF65050078F9B6 /* CKContainer+PromiseKit.h */ = {isa = PBXFileReference; fileEncoding = 4; lastKnownFileType = sourcecode.c.h; name = "CKContainer+PromiseKit.h"; path = "objc/CKContainer+PromiseKit.h"; sourceTree = "<group>"; };
		638933381AAF65050078F9B6 /* CKContainer+PromiseKit.m */ = {isa = PBXFileReference; fileEncoding = 4; lastKnownFileType = sourcecode.c.objc; name = "CKContainer+PromiseKit.m"; path = "objc/CKContainer+PromiseKit.m"; sourceTree = "<group>"; };
		638933391AAF65050078F9B6 /* CKDatabase+PromiseKit.h */ = {isa = PBXFileReference; fileEncoding = 4; lastKnownFileType = sourcecode.c.h; name = "CKDatabase+PromiseKit.h"; path = "objc/CKDatabase+PromiseKit.h"; sourceTree = "<group>"; };
		6389333A1AAF65050078F9B6 /* CKDatabase+PromiseKit.m */ = {isa = PBXFileReference; fileEncoding = 4; lastKnownFileType = sourcecode.c.objc; name = "CKDatabase+PromiseKit.m"; path = "objc/CKDatabase+PromiseKit.m"; sourceTree = "<group>"; };
		6389333B1AAF65050078F9B6 /* CLGeocoder+PromiseKit.h */ = {isa = PBXFileReference; fileEncoding = 4; lastKnownFileType = sourcecode.c.h; name = "CLGeocoder+PromiseKit.h"; path = "objc/CLGeocoder+PromiseKit.h"; sourceTree = "<group>"; };
		6389333C1AAF65050078F9B6 /* CLGeocoder+PromiseKit.m */ = {isa = PBXFileReference; fileEncoding = 4; lastKnownFileType = sourcecode.c.objc; name = "CLGeocoder+PromiseKit.m"; path = "objc/CLGeocoder+PromiseKit.m"; sourceTree = "<group>"; };
		6389333D1AAF65050078F9B6 /* CLLocationManager+PromiseKit.h */ = {isa = PBXFileReference; fileEncoding = 4; lastKnownFileType = sourcecode.c.h; name = "CLLocationManager+PromiseKit.h"; path = "objc/CLLocationManager+PromiseKit.h"; sourceTree = "<group>"; };
		6389333E1AAF65050078F9B6 /* CLLocationManager+PromiseKit.m */ = {isa = PBXFileReference; fileEncoding = 4; lastKnownFileType = sourcecode.c.objc; name = "CLLocationManager+PromiseKit.m"; path = "objc/CLLocationManager+PromiseKit.m"; sourceTree = "<group>"; };
		6389333F1AAF65050078F9B6 /* MKDirections+PromiseKit.h */ = {isa = PBXFileReference; fileEncoding = 4; lastKnownFileType = sourcecode.c.h; name = "MKDirections+PromiseKit.h"; path = "objc/MKDirections+PromiseKit.h"; sourceTree = "<group>"; };
		638933401AAF65050078F9B6 /* MKDirections+PromiseKit.m */ = {isa = PBXFileReference; fileEncoding = 4; lastKnownFileType = sourcecode.c.objc; name = "MKDirections+PromiseKit.m"; path = "objc/MKDirections+PromiseKit.m"; sourceTree = "<group>"; };
		638933411AAF65050078F9B6 /* MKMapSnapshotter+PromiseKit.h */ = {isa = PBXFileReference; fileEncoding = 4; lastKnownFileType = sourcecode.c.h; name = "MKMapSnapshotter+PromiseKit.h"; path = "objc/MKMapSnapshotter+PromiseKit.h"; sourceTree = "<group>"; };
		638933421AAF65050078F9B6 /* MKMapSnapshotter+PromiseKit.m */ = {isa = PBXFileReference; fileEncoding = 4; lastKnownFileType = sourcecode.c.objc; name = "MKMapSnapshotter+PromiseKit.m"; path = "objc/MKMapSnapshotter+PromiseKit.m"; sourceTree = "<group>"; };
		638933431AAF65050078F9B6 /* NSFileManager+PromiseKit.h */ = {isa = PBXFileReference; fileEncoding = 4; lastKnownFileType = sourcecode.c.h; name = "NSFileManager+PromiseKit.h"; path = "objc/NSFileManager+PromiseKit.h"; sourceTree = "<group>"; };
		638933441AAF65050078F9B6 /* NSFileManager+PromiseKit.m */ = {isa = PBXFileReference; fileEncoding = 4; lastKnownFileType = sourcecode.c.objc; name = "NSFileManager+PromiseKit.m"; path = "objc/NSFileManager+PromiseKit.m"; sourceTree = "<group>"; };
		638933451AAF65050078F9B6 /* NSNotificationCenter+PromiseKit.h */ = {isa = PBXFileReference; fileEncoding = 4; lastKnownFileType = sourcecode.c.h; name = "NSNotificationCenter+PromiseKit.h"; path = "objc/NSNotificationCenter+PromiseKit.h"; sourceTree = "<group>"; };
		638933461AAF65050078F9B6 /* NSNotificationCenter+PromiseKit.m */ = {isa = PBXFileReference; fileEncoding = 4; lastKnownFileType = sourcecode.c.objc; name = "NSNotificationCenter+PromiseKit.m"; path = "objc/NSNotificationCenter+PromiseKit.m"; sourceTree = "<group>"; };
		638933471AAF65050078F9B6 /* NSTask+PromiseKit.h */ = {isa = PBXFileReference; fileEncoding = 4; lastKnownFileType = sourcecode.c.h; name = "NSTask+PromiseKit.h"; path = "objc/NSTask+PromiseKit.h"; sourceTree = "<group>"; };
		638933481AAF65050078F9B6 /* NSTask+PromiseKit.m */ = {isa = PBXFileReference; fileEncoding = 4; lastKnownFileType = sourcecode.c.objc; name = "NSTask+PromiseKit.m"; path = "objc/NSTask+PromiseKit.m"; sourceTree = "<group>"; };
		638933491AAF65050078F9B6 /* NSURLConnection+PromiseKit.h */ = {isa = PBXFileReference; fileEncoding = 4; lastKnownFileType = sourcecode.c.h; name = "NSURLConnection+PromiseKit.h"; path = "objc/NSURLConnection+PromiseKit.h"; sourceTree = "<group>"; };
		6389334A1AAF65050078F9B6 /* NSURLConnection+PromiseKit.m */ = {isa = PBXFileReference; fileEncoding = 4; lastKnownFileType = sourcecode.c.objc; name = "NSURLConnection+PromiseKit.m"; path = "objc/NSURLConnection+PromiseKit.m"; sourceTree = "<group>"; };
		6389334B1AAF65050078F9B6 /* PMKPromise.m */ = {isa = PBXFileReference; fileEncoding = 4; lastKnownFileType = sourcecode.c.objc; name = PMKPromise.m; path = objc/PMKPromise.m; sourceTree = "<group>"; };
		6389334C1AAF65050078F9B6 /* PMKPromise+Hang.m */ = {isa = PBXFileReference; fileEncoding = 4; lastKnownFileType = sourcecode.c.objc; name = "PMKPromise+Hang.m"; path = "objc/PMKPromise+Hang.m"; sourceTree = "<group>"; };
		6389334D1AAF65050078F9B6 /* PMKPromise+Join.m */ = {isa = PBXFileReference; fileEncoding = 4; lastKnownFileType = sourcecode.c.objc; name = "PMKPromise+Join.m"; path = "objc/PMKPromise+Join.m"; sourceTree = "<group>"; };
		6389334E1AAF65050078F9B6 /* PMKPromise+Pause.m */ = {isa = PBXFileReference; fileEncoding = 4; lastKnownFileType = sourcecode.c.objc; name = "PMKPromise+Pause.m"; path = "objc/PMKPromise+Pause.m"; sourceTree = "<group>"; };
		6389334F1AAF65050078F9B6 /* PMKPromise+Until.m */ = {isa = PBXFileReference; fileEncoding = 4; lastKnownFileType = sourcecode.c.objc; name = "PMKPromise+Until.m"; path = "objc/PMKPromise+Until.m"; sourceTree = "<group>"; };
		638933501AAF65050078F9B6 /* PMKPromise+When.m */ = {isa = PBXFileReference; fileEncoding = 4; lastKnownFileType = sourcecode.c.objc; name = "PMKPromise+When.m"; path = "objc/PMKPromise+When.m"; sourceTree = "<group>"; };
		638933511AAF65050078F9B6 /* PMKPromise+Zalgo.m */ = {isa = PBXFileReference; fileEncoding = 4; lastKnownFileType = sourcecode.c.objc; name = "PMKPromise+Zalgo.m"; path = "objc/PMKPromise+Zalgo.m"; sourceTree = "<group>"; };
		638933531AAF65050078F9B6 /* NSMethodSignatureForBlock.m */ = {isa = PBXFileReference; fileEncoding = 4; lastKnownFileType = sourcecode.c.objc; name = NSMethodSignatureForBlock.m; path = objc/Private/NSMethodSignatureForBlock.m; sourceTree = "<group>"; };
		638933561AAF65050078F9B6 /* fwd.h */ = {isa = PBXFileReference; fileEncoding = 4; lastKnownFileType = sourcecode.c.h; name = fwd.h; path = objc/PromiseKit/fwd.h; sourceTree = "<group>"; };
		638933571AAF65050078F9B6 /* Promise+Hang.h */ = {isa = PBXFileReference; fileEncoding = 4; lastKnownFileType = sourcecode.c.h; name = "Promise+Hang.h"; path = "objc/PromiseKit/Promise+Hang.h"; sourceTree = "<group>"; };
		638933581AAF65050078F9B6 /* Promise+Join.h */ = {isa = PBXFileReference; fileEncoding = 4; lastKnownFileType = sourcecode.c.h; name = "Promise+Join.h"; path = "objc/PromiseKit/Promise+Join.h"; sourceTree = "<group>"; };
		638933591AAF65050078F9B6 /* Promise+Pause.h */ = {isa = PBXFileReference; fileEncoding = 4; lastKnownFileType = sourcecode.c.h; name = "Promise+Pause.h"; path = "objc/PromiseKit/Promise+Pause.h"; sourceTree = "<group>"; };
		6389335A1AAF65050078F9B6 /* Promise+Until.h */ = {isa = PBXFileReference; fileEncoding = 4; lastKnownFileType = sourcecode.c.h; name = "Promise+Until.h"; path = "objc/PromiseKit/Promise+Until.h"; sourceTree = "<group>"; };
		6389335B1AAF65050078F9B6 /* Promise+When.h */ = {isa = PBXFileReference; fileEncoding = 4; lastKnownFileType = sourcecode.c.h; name = "Promise+When.h"; path = "objc/PromiseKit/Promise+When.h"; sourceTree = "<group>"; };
		6389335C1AAF65050078F9B6 /* Promise+Zalgo.h */ = {isa = PBXFileReference; fileEncoding = 4; lastKnownFileType = sourcecode.c.h; name = "Promise+Zalgo.h"; path = "objc/PromiseKit/Promise+Zalgo.h"; sourceTree = "<group>"; };
		6389335D1AAF65050078F9B6 /* Promise.h */ = {isa = PBXFileReference; fileEncoding = 4; lastKnownFileType = sourcecode.c.h; name = Promise.h; path = objc/PromiseKit/Promise.h; sourceTree = "<group>"; };
		6389335E1AAF65050078F9B6 /* PromiseKit.h */ = {isa = PBXFileReference; fileEncoding = 4; lastKnownFileType = sourcecode.c.h; name = PromiseKit.h; path = objc/PromiseKit.h; sourceTree = "<group>"; };
		6389335F1AAF65050078F9B6 /* SKRequest+PromiseKit.h */ = {isa = PBXFileReference; fileEncoding = 4; lastKnownFileType = sourcecode.c.h; name = "SKRequest+PromiseKit.h"; path = "objc/SKRequest+PromiseKit.h"; sourceTree = "<group>"; };
		638933601AAF65050078F9B6 /* SKRequest+PromiseKit.m */ = {isa = PBXFileReference; fileEncoding = 4; lastKnownFileType = sourcecode.c.objc; name = "SKRequest+PromiseKit.m"; path = "objc/SKRequest+PromiseKit.m"; sourceTree = "<group>"; };
		638933611AAF65050078F9B6 /* SLRequest+PromiseKit.h */ = {isa = PBXFileReference; fileEncoding = 4; lastKnownFileType = sourcecode.c.h; name = "SLRequest+PromiseKit.h"; path = "objc/SLRequest+PromiseKit.h"; sourceTree = "<group>"; };
		638933621AAF65050078F9B6 /* SLRequest+PromiseKit.m */ = {isa = PBXFileReference; fileEncoding = 4; lastKnownFileType = sourcecode.c.objc; name = "SLRequest+PromiseKit.m"; path = "objc/SLRequest+PromiseKit.m"; sourceTree = "<group>"; };
		638933631AAF65050078F9B6 /* UIActionSheet+PromiseKit.h */ = {isa = PBXFileReference; fileEncoding = 4; lastKnownFileType = sourcecode.c.h; name = "UIActionSheet+PromiseKit.h"; path = "objc/UIActionSheet+PromiseKit.h"; sourceTree = "<group>"; };
		638933641AAF65050078F9B6 /* UIActionSheet+PromiseKit.m */ = {isa = PBXFileReference; fileEncoding = 4; lastKnownFileType = sourcecode.c.objc; name = "UIActionSheet+PromiseKit.m"; path = "objc/UIActionSheet+PromiseKit.m"; sourceTree = "<group>"; };
		638933651AAF65050078F9B6 /* UIAlertView+PromiseKit.h */ = {isa = PBXFileReference; fileEncoding = 4; lastKnownFileType = sourcecode.c.h; name = "UIAlertView+PromiseKit.h"; path = "objc/UIAlertView+PromiseKit.h"; sourceTree = "<group>"; };
		638933661AAF65050078F9B6 /* UIAlertView+PromiseKit.m */ = {isa = PBXFileReference; fileEncoding = 4; lastKnownFileType = sourcecode.c.objc; name = "UIAlertView+PromiseKit.m"; path = "objc/UIAlertView+PromiseKit.m"; sourceTree = "<group>"; };
		638933671AAF65050078F9B6 /* UIView+PromiseKit.h */ = {isa = PBXFileReference; fileEncoding = 4; lastKnownFileType = sourcecode.c.h; name = "UIView+PromiseKit.h"; path = "objc/UIView+PromiseKit.h"; sourceTree = "<group>"; };
		638933681AAF65050078F9B6 /* UIView+PromiseKit.m */ = {isa = PBXFileReference; fileEncoding = 4; lastKnownFileType = sourcecode.c.objc; name = "UIView+PromiseKit.m"; path = "objc/UIView+PromiseKit.m"; sourceTree = "<group>"; };
		638933691AAF65050078F9B6 /* UIViewController+PromiseKit.h */ = {isa = PBXFileReference; fileEncoding = 4; lastKnownFileType = sourcecode.c.h; name = "UIViewController+PromiseKit.h"; path = "objc/UIViewController+PromiseKit.h"; sourceTree = "<group>"; };
		6389336A1AAF65050078F9B6 /* UIViewController+PromiseKit.m */ = {isa = PBXFileReference; fileEncoding = 4; lastKnownFileType = sourcecode.c.objc; name = "UIViewController+PromiseKit.m"; path = "objc/UIViewController+PromiseKit.m"; sourceTree = "<group>"; };
		638933DA1AAFC3B40078F9B6 /* initializers.spec.m */ = {isa = PBXFileReference; fileEncoding = 4; lastKnownFileType = sourcecode.c.objc; name = initializers.spec.m; path = "Specs/Objective C Specs/initializers.spec.m"; sourceTree = SOURCE_ROOT; };
		638933DB1AAFC3B40078F9B6 /* PMKPromise.test.m */ = {isa = PBXFileReference; fileEncoding = 4; lastKnownFileType = sourcecode.c.objc; name = PMKPromise.test.m; path = "Specs/Objective C Specs/PMKPromise.test.m"; sourceTree = SOURCE_ROOT; };
		639339771ABCF32B00B7AAA9 /* Info.plist */ = {isa = PBXFileReference; lastKnownFileType = text.plist.xml; path = Info.plist; sourceTree = SOURCE_ROOT; };
		6393397E1ABCF32B00B7AAA9 /* PMKTests.xctest */ = {isa = PBXFileReference; explicitFileType = wrapper.cfbundle; includeInIndex = 0; path = PMKTests.xctest; sourceTree = BUILT_PRODUCTS_DIR; };
		639339841ABCF32B00B7AAA9 /* Tests-Info.plist */ = {isa = PBXFileReference; lastKnownFileType = text.plist.xml; name = "Tests-Info.plist"; path = "Specs/Tests-Info.plist"; sourceTree = "<group>"; };
/* End PBXFileReference section */

/* Begin PBXFrameworksBuildPhase section */
		6393397B1ABCF32B00B7AAA9 /* Frameworks */ = {
			isa = PBXFrameworksBuildPhase;
			buildActionMask = 2147483647;
			files = (
			);
			runOnlyForDeploymentPostprocessing = 0;
		};
/* End PBXFrameworksBuildPhase section */

/* Begin PBXGroup section */
		63519900193FCD4C002CF47D = {
			isa = PBXGroup;
			children = (
				6384FD1019EECD2400613CBF /* PMK.playground */,
				6359EEF11A9666F300E4E1B8 /* Sources */,
				63519919193FCD4C002CF47D /* Specs */,
				63DDE17E1947B946005D34A3 /* … */,
			);
			sourceTree = "<group>";
		};
		63519919193FCD4C002CF47D /* Specs */ = {
			isa = PBXGroup;
			children = (
				638933DA1AAFC3B40078F9B6 /* initializers.spec.m */,
				638933DB1AAFC3B40078F9B6 /* PMKPromise.test.m */,
			);
			name = Specs;
			path = Tests;
			sourceTree = "<group>";
		};
		6359EEF11A9666F300E4E1B8 /* Sources */ = {
			isa = PBXGroup;
			children = (
				638933A31AAF651E0078F9B6 /* Categories */,
				638933301AAF64E60078F9B6 /* Core */,
			);
			name = Sources;
			sourceTree = "<group>";
		};
		636337131ABD03FA006D9F67 /* iOS */ = {
			isa = PBXGroup;
			children = (
			);
			name = iOS;
			sourceTree = "<group>";
		};
		636337141ABD0404006D9F67 /* OS X */ = {
			isa = PBXGroup;
			children = (
			);
			name = "OS X";
			sourceTree = "<group>";
		};
		638933301AAF64E60078F9B6 /* Core */ = {
			isa = PBXGroup;
			children = (
				6389335E1AAF65050078F9B6 /* PromiseKit.h */,
				638933531AAF65050078F9B6 /* NSMethodSignatureForBlock.m */,
				638933561AAF65050078F9B6 /* fwd.h */,
				6389335D1AAF65050078F9B6 /* Promise.h */,
				6389334B1AAF65050078F9B6 /* PMKPromise.m */,
				638933571AAF65050078F9B6 /* Promise+Hang.h */,
				6389334C1AAF65050078F9B6 /* PMKPromise+Hang.m */,
				638933581AAF65050078F9B6 /* Promise+Join.h */,
				6389334D1AAF65050078F9B6 /* PMKPromise+Join.m */,
				638933591AAF65050078F9B6 /* Promise+Pause.h */,
				6389334E1AAF65050078F9B6 /* PMKPromise+Pause.m */,
				6389335A1AAF65050078F9B6 /* Promise+Until.h */,
				6389334F1AAF65050078F9B6 /* PMKPromise+Until.m */,
				6389335B1AAF65050078F9B6 /* Promise+When.h */,
				638933501AAF65050078F9B6 /* PMKPromise+When.m */,
				6389335C1AAF65050078F9B6 /* Promise+Zalgo.h */,
				638933511AAF65050078F9B6 /* PMKPromise+Zalgo.m */,
			);
			name = Core;
			sourceTree = "<group>";
		};
		638933A31AAF651E0078F9B6 /* Categories */ = {
			isa = PBXGroup;
			children = (
				638933311AAF65050078F9B6 /* ACAccountStore+PromiseKit.h */,
				638933321AAF65050078F9B6 /* ACAccountStore+PromiseKit.m */,
				638933331AAF65050078F9B6 /* AVAudioSession+PromiseKit.h */,
				638933341AAF65050078F9B6 /* AVAudioSession+PromiseKit.m */,
				638933351AAF65050078F9B6 /* CALayer+PromiseKit.h */,
				638933361AAF65050078F9B6 /* CALayer+PromiseKit.m */,
				638933371AAF65050078F9B6 /* CKContainer+PromiseKit.h */,
				638933381AAF65050078F9B6 /* CKContainer+PromiseKit.m */,
				638933391AAF65050078F9B6 /* CKDatabase+PromiseKit.h */,
				6389333A1AAF65050078F9B6 /* CKDatabase+PromiseKit.m */,
				6389333B1AAF65050078F9B6 /* CLGeocoder+PromiseKit.h */,
				6389333C1AAF65050078F9B6 /* CLGeocoder+PromiseKit.m */,
				6389333D1AAF65050078F9B6 /* CLLocationManager+PromiseKit.h */,
				6389333E1AAF65050078F9B6 /* CLLocationManager+PromiseKit.m */,
				6389333F1AAF65050078F9B6 /* MKDirections+PromiseKit.h */,
				638933401AAF65050078F9B6 /* MKDirections+PromiseKit.m */,
				638933411AAF65050078F9B6 /* MKMapSnapshotter+PromiseKit.h */,
				638933421AAF65050078F9B6 /* MKMapSnapshotter+PromiseKit.m */,
				638933431AAF65050078F9B6 /* NSFileManager+PromiseKit.h */,
				638933441AAF65050078F9B6 /* NSFileManager+PromiseKit.m */,
				638933451AAF65050078F9B6 /* NSNotificationCenter+PromiseKit.h */,
				638933461AAF65050078F9B6 /* NSNotificationCenter+PromiseKit.m */,
				638933471AAF65050078F9B6 /* NSTask+PromiseKit.h */,
				638933481AAF65050078F9B6 /* NSTask+PromiseKit.m */,
				638933491AAF65050078F9B6 /* NSURLConnection+PromiseKit.h */,
				6389334A1AAF65050078F9B6 /* NSURLConnection+PromiseKit.m */,
				6389335F1AAF65050078F9B6 /* SKRequest+PromiseKit.h */,
				638933601AAF65050078F9B6 /* SKRequest+PromiseKit.m */,
				638933611AAF65050078F9B6 /* SLRequest+PromiseKit.h */,
				638933621AAF65050078F9B6 /* SLRequest+PromiseKit.m */,
				638933631AAF65050078F9B6 /* UIActionSheet+PromiseKit.h */,
				638933641AAF65050078F9B6 /* UIActionSheet+PromiseKit.m */,
				638933651AAF65050078F9B6 /* UIAlertView+PromiseKit.h */,
				638933661AAF65050078F9B6 /* UIAlertView+PromiseKit.m */,
				638933671AAF65050078F9B6 /* UIView+PromiseKit.h */,
				638933681AAF65050078F9B6 /* UIView+PromiseKit.m */,
				638933691AAF65050078F9B6 /* UIViewController+PromiseKit.h */,
				6389336A1AAF65050078F9B6 /* UIViewController+PromiseKit.m */,
			);
			name = Categories;
			sourceTree = "<group>";
		};
		63DDE17E1947B946005D34A3 /* … */ = {
			isa = PBXGroup;
			children = (
				636337141ABD0404006D9F67 /* OS X */,
				636337131ABD03FA006D9F67 /* iOS */,
				639339771ABCF32B00B7AAA9 /* Info.plist */,
				639339841ABCF32B00B7AAA9 /* Tests-Info.plist */,
				6393397E1ABCF32B00B7AAA9 /* PMKTests.xctest */,
			);
			name = "…";
			sourceTree = "<group>";
		};
/* End PBXGroup section */

/* Begin PBXNativeTarget section */
		6393397D1ABCF32B00B7AAA9 /* PMKTests */ = {
			isa = PBXNativeTarget;
			buildConfigurationList = 6393398A1ABCF32B00B7AAA9 /* Build configuration list for PBXNativeTarget "PMKTests" */;
			buildPhases = (
				6393397A1ABCF32B00B7AAA9 /* Sources */,
				6393397B1ABCF32B00B7AAA9 /* Frameworks */,
				6393397C1ABCF32B00B7AAA9 /* Resources */,
				639339B41ABCF63F00B7AAA9 /* CopyFiles */,
			);
			buildRules = (
			);
			dependencies = (
			);
			name = PMKTests;
			productName = PromiseKitTests;
			productReference = 6393397E1ABCF32B00B7AAA9 /* PMKTests.xctest */;
			productType = "com.apple.product-type.bundle.unit-test";
		};
/* End PBXNativeTarget section */

/* Begin PBXProject section */
		63519901193FCD4C002CF47D /* Project object */ = {
			isa = PBXProject;
			attributes = {
				LastSwiftUpdateCheck = 0720;
				LastUpgradeCheck = 0730;
				ORGANIZATIONNAME = "";
				TargetAttributes = {
					6393397D1ABCF32B00B7AAA9 = {
						CreatedOnToolsVersion = 6.2;
					};
				};
			};
			buildConfigurationList = 63519904193FCD4C002CF47D /* Build configuration list for PBXProject "PromiseKit" */;
			compatibilityVersion = "Xcode 3.2";
			developmentRegion = English;
			hasScannedForEncodings = 0;
			knownRegions = (
				en,
			);
			mainGroup = 63519900193FCD4C002CF47D;
			productRefGroup = 63519900193FCD4C002CF47D;
			projectDirPath = "";
			projectRoot = "";
			targets = (
				6393397D1ABCF32B00B7AAA9 /* PMKTests */,
			);
		};
/* End PBXProject section */

/* Begin PBXResourcesBuildPhase section */
		6393397C1ABCF32B00B7AAA9 /* Resources */ = {
			isa = PBXResourcesBuildPhase;
			buildActionMask = 2147483647;
			files = (
			);
			runOnlyForDeploymentPostprocessing = 0;
		};
/* End PBXResourcesBuildPhase section */

/* Begin PBXSourcesBuildPhase section */
		6393397A1ABCF32B00B7AAA9 /* Sources */ = {
			isa = PBXSourcesBuildPhase;
			buildActionMask = 2147483647;
			files = (
				63A8E52F1ABD016A00BEBB1A /* PMKPromise.m in Sources */,
				63A8E5301ABD016A00BEBB1A /* PMKPromise+Hang.m in Sources */,
				63A8E5311ABD016A00BEBB1A /* PMKPromise+Join.m in Sources */,
				63A8E5321ABD016A00BEBB1A /* PMKPromise+Pause.m in Sources */,
				63A8E5331ABD016A00BEBB1A /* PMKPromise+Until.m in Sources */,
				63A8E5341ABD016A00BEBB1A /* PMKPromise+When.m in Sources */,
				63A8E5351ABD016A00BEBB1A /* PMKPromise+Zalgo.m in Sources */,
				63A8E5361ABD016A00BEBB1A /* initializers.spec.m in Sources */,
				63A8E5371ABD016A00BEBB1A /* PMKPromise.test.m in Sources */,
			);
			runOnlyForDeploymentPostprocessing = 0;
		};
/* End PBXSourcesBuildPhase section */

/* Begin XCBuildConfiguration section */
		6351991E193FCD4C002CF47D /* Debug */ = {
			isa = XCBuildConfiguration;
			buildSettings = {
				ALWAYS_SEARCH_USER_PATHS = NO;
				APPLICATION_EXTENSION_API_ONLY = YES;
				CLANG_CXX_LANGUAGE_STANDARD = "gnu++0x";
				CLANG_CXX_LIBRARY = "libc++";
				CLANG_ENABLE_MODULES = YES;
				CLANG_ENABLE_OBJC_ARC = YES;
				CLANG_WARN_BOOL_CONVERSION = YES;
				CLANG_WARN_CONSTANT_CONVERSION = YES;
				CLANG_WARN_DIRECT_OBJC_ISA_USAGE = YES_ERROR;
				CLANG_WARN_EMPTY_BODY = YES;
				CLANG_WARN_ENUM_CONVERSION = YES;
				CLANG_WARN_INT_CONVERSION = YES;
				CLANG_WARN_OBJC_ROOT_CLASS = YES_ERROR;
				CLANG_WARN_UNREACHABLE_CODE = YES;
				CLANG_WARN__DUPLICATE_METHOD_MATCH = YES;
				CODE_SIGN_IDENTITY = "iPhone Developer";
				COPY_PHASE_STRIP = NO;
				CURRENT_PROJECT_VERSION = 1.7.2;
				DEFINES_MODULE = YES;
				DYLIB_COMPATIBILITY_VERSION = 1;
				DYLIB_CURRENT_VERSION = "$(CURRENT_PROJECT_VERSION)";
				DYLIB_INSTALL_NAME_BASE = "@rpath";
				ENABLE_STRICT_OBJC_MSGSEND = YES;
				ENABLE_TESTABILITY = YES;
				GCC_C_LANGUAGE_STANDARD = gnu99;
				GCC_DYNAMIC_NO_PIC = NO;
				GCC_OPTIMIZATION_LEVEL = 0;
				GCC_PREPROCESSOR_DEFINITIONS = (
					"DEBUG=1",
					"$(inherited)",
				);
				GCC_SYMBOLS_PRIVATE_EXTERN = NO;
				GCC_WARN_64_TO_32_BIT_CONVERSION = YES;
				GCC_WARN_ABOUT_RETURN_TYPE = YES_ERROR;
				GCC_WARN_UNDECLARED_SELECTOR = YES;
				GCC_WARN_UNINITIALIZED_AUTOS = YES_AGGRESSIVE;
				GCC_WARN_UNUSED_FUNCTION = YES;
				GCC_WARN_UNUSED_VARIABLE = YES;
				INFOPLIST_FILE = "$(SRCROOT)/PromiseKit.xcodeproj/framework-Info.plist";
				IPHONEOS_DEPLOYMENT_TARGET = 8.0;
				LD_RUNPATH_SEARCH_PATHS = "@executable_path/Frameworks @loader_path/Frameworks";
				MACOSX_DEPLOYMENT_TARGET = 10.10;
				ONLY_ACTIVE_ARCH = YES;
				PRODUCT_NAME = PromiseKit;
				SDKROOT = iphoneos;
				SKIP_INSTALL = YES;
				SWIFT_OPTIMIZATION_LEVEL = "-Onone";
				TVOS_DEPLOYMENT_TARGET = 9.0;
				VERSIONING_SYSTEM = "apple-generic";
				WATCHOS_DEPLOYMENT_TARGET = 2.0;
			};
			name = Debug;
		};
		6351991F193FCD4C002CF47D /* Release */ = {
			isa = XCBuildConfiguration;
			buildSettings = {
				ALWAYS_SEARCH_USER_PATHS = NO;
				APPLICATION_EXTENSION_API_ONLY = YES;
				CLANG_CXX_LANGUAGE_STANDARD = "gnu++0x";
				CLANG_CXX_LIBRARY = "libc++";
				CLANG_ENABLE_MODULES = YES;
				CLANG_ENABLE_OBJC_ARC = YES;
				CLANG_WARN_BOOL_CONVERSION = YES;
				CLANG_WARN_CONSTANT_CONVERSION = YES;
				CLANG_WARN_DIRECT_OBJC_ISA_USAGE = YES_ERROR;
				CLANG_WARN_EMPTY_BODY = YES;
				CLANG_WARN_ENUM_CONVERSION = YES;
				CLANG_WARN_INT_CONVERSION = YES;
				CLANG_WARN_OBJC_ROOT_CLASS = YES_ERROR;
				CLANG_WARN_UNREACHABLE_CODE = YES;
				CLANG_WARN__DUPLICATE_METHOD_MATCH = YES;
				CODE_SIGN_IDENTITY = "iPhone Developer";
				COPY_PHASE_STRIP = YES;
				CURRENT_PROJECT_VERSION = 1.7.2;
				DEFINES_MODULE = YES;
				DYLIB_COMPATIBILITY_VERSION = 1;
				DYLIB_CURRENT_VERSION = "$(CURRENT_PROJECT_VERSION)";
				DYLIB_INSTALL_NAME_BASE = "@rpath";
				ENABLE_NS_ASSERTIONS = NO;
				ENABLE_STRICT_OBJC_MSGSEND = YES;
				GCC_C_LANGUAGE_STANDARD = gnu99;
				GCC_WARN_64_TO_32_BIT_CONVERSION = YES;
				GCC_WARN_ABOUT_RETURN_TYPE = YES_ERROR;
				GCC_WARN_UNDECLARED_SELECTOR = YES;
				GCC_WARN_UNINITIALIZED_AUTOS = YES_AGGRESSIVE;
				GCC_WARN_UNUSED_FUNCTION = YES;
				GCC_WARN_UNUSED_VARIABLE = YES;
				INFOPLIST_FILE = "$(SRCROOT)/PromiseKit.xcodeproj/framework-Info.plist";
				IPHONEOS_DEPLOYMENT_TARGET = 8.0;
				LD_RUNPATH_SEARCH_PATHS = "@executable_path/Frameworks @loader_path/Frameworks";
				MACOSX_DEPLOYMENT_TARGET = 10.10;
				PRODUCT_NAME = PromiseKit;
				SDKROOT = iphoneos;
				SKIP_INSTALL = YES;
				TVOS_DEPLOYMENT_TARGET = 9.0;
				VALIDATE_PRODUCT = YES;
				VERSIONING_SYSTEM = "apple-generic";
				WATCHOS_DEPLOYMENT_TARGET = 2.0;
			};
			name = Release;
		};
		6393398B1ABCF32B00B7AAA9 /* Debug */ = {
			isa = XCBuildConfiguration;
			buildSettings = {
				APPLICATION_EXTENSION_API_ONLY = NO;
				FRAMEWORK_SEARCH_PATHS = (
					"$(inherited)",
					"$(PROJECT_DIR)/Carthage/Build/iOS",
				);
				GCC_PREPROCESSOR_DEFINITIONS = (
					"DEBUG=1",
					"$(inherited)",
				);
				HEADER_SEARCH_PATHS = (
					"$(inherited)",
					/Applications/Xcode.app/Contents/Developer/Toolchains/XcodeDefault.xctoolchain/usr/include,
					"$(PROJECT_DIR)/objc",
				);
				INFOPLIST_FILE = "Specs/Tests-Info.plist";
				IPHONEOS_DEPLOYMENT_TARGET = 8.2;
				LD_RUNPATH_SEARCH_PATHS = "$(inherited) @executable_path/Frameworks @loader_path/Frameworks";
				MTL_ENABLE_DEBUG_INFO = YES;
				PRODUCT_BUNDLE_IDENTIFIER = org.promisekit.Tests;
				PRODUCT_NAME = "$(TARGET_NAME)";
			};
			name = Debug;
		};
		6393398C1ABCF32B00B7AAA9 /* Release */ = {
			isa = XCBuildConfiguration;
			buildSettings = {
				APPLICATION_EXTENSION_API_ONLY = NO;
				COPY_PHASE_STRIP = NO;
				FRAMEWORK_SEARCH_PATHS = (
					"$(inherited)",
					"$(PROJECT_DIR)/Carthage/Build/iOS",
				);
				HEADER_SEARCH_PATHS = (
					"$(inherited)",
					/Applications/Xcode.app/Contents/Developer/Toolchains/XcodeDefault.xctoolchain/usr/include,
					"$(PROJECT_DIR)/objc",
				);
				INFOPLIST_FILE = "Specs/Tests-Info.plist";
				IPHONEOS_DEPLOYMENT_TARGET = 8.2;
				LD_RUNPATH_SEARCH_PATHS = "$(inherited) @executable_path/Frameworks @loader_path/Frameworks";
				MTL_ENABLE_DEBUG_INFO = NO;
				PRODUCT_BUNDLE_IDENTIFIER = org.promisekit.Tests;
				PRODUCT_NAME = "$(TARGET_NAME)";
			};
			name = Release;
		};
/* End XCBuildConfiguration section */

/* Begin XCConfigurationList section */
		63519904193FCD4C002CF47D /* Build configuration list for PBXProject "PromiseKit" */ = {
			isa = XCConfigurationList;
			buildConfigurations = (
				6351991E193FCD4C002CF47D /* Debug */,
				6351991F193FCD4C002CF47D /* Release */,
			);
			defaultConfigurationIsVisible = 0;
			defaultConfigurationName = Release;
		};
		6393398A1ABCF32B00B7AAA9 /* Build configuration list for PBXNativeTarget "PMKTests" */ = {
			isa = XCConfigurationList;
			buildConfigurations = (
				6393398B1ABCF32B00B7AAA9 /* Debug */,
				6393398C1ABCF32B00B7AAA9 /* Release */,
			);
			defaultConfigurationIsVisible = 0;
			defaultConfigurationName = Release;
		};
/* End XCConfigurationList section */
	};
	rootObject = 63519901193FCD4C002CF47D /* Project object */;
}
