// !$*UTF8*$!
{
	archiveVersion = 1;
	classes = {
	};
	objectVersion = 46;
	objects = {

/* Begin PBXBuildFile section */
		49A5584D1DC5185900E4D01B /* WrapTests.swift in Sources */ = {isa = PBXBuildFile; fileRef = 49A5584B1DC5172F00E4D01B /* WrapTests.swift */; };
		630F217D1E3FE84A00F6DB1E /* Promise+deprecations.swift in Sources */ = {isa = PBXBuildFile; fileRef = 630F217C1E3FE84A00F6DB1E /* Promise+deprecations.swift */; };
		630F217F1E3FF68A00F6DB1E /* Infrastructure.swift in Sources */ = {isa = PBXBuildFile; fileRef = 630F217E1E3FF68A00F6DB1E /* Infrastructure.swift */; };
		630F21801E3FF68A00F6DB1E /* Infrastructure.swift in Sources */ = {isa = PBXBuildFile; fileRef = 630F217E1E3FF68A00F6DB1E /* Infrastructure.swift */; };
		631751A41D59766500A9DDDC /* PromiseKit.framework in Frameworks */ = {isa = PBXBuildFile; fileRef = 63B0AC571D595E1B00FA21D9 /* PromiseKit.framework */; };
		631751B71D59768200A9DDDC /* 0.0.0.swift in Sources */ = {isa = PBXBuildFile; fileRef = 631751AB1D59768200A9DDDC /* 0.0.0.swift */; };
		631751B81D59768200A9DDDC /* 2.1.2.swift in Sources */ = {isa = PBXBuildFile; fileRef = 631751AC1D59768200A9DDDC /* 2.1.2.swift */; };
		631751B91D59768200A9DDDC /* 2.1.3.swift in Sources */ = {isa = PBXBuildFile; fileRef = 631751AD1D59768200A9DDDC /* 2.1.3.swift */; };
		631751BA1D59768200A9DDDC /* 2.2.2.swift in Sources */ = {isa = PBXBuildFile; fileRef = 631751AE1D59768200A9DDDC /* 2.2.2.swift */; };
		631751BB1D59768200A9DDDC /* 2.2.3.swift in Sources */ = {isa = PBXBuildFile; fileRef = 631751AF1D59768200A9DDDC /* 2.2.3.swift */; };
		631751BC1D59768200A9DDDC /* 2.2.4.swift in Sources */ = {isa = PBXBuildFile; fileRef = 631751B01D59768200A9DDDC /* 2.2.4.swift */; };
		631751BD1D59768200A9DDDC /* 2.2.6.swift in Sources */ = {isa = PBXBuildFile; fileRef = 631751B11D59768200A9DDDC /* 2.2.6.swift */; };
		631751BE1D59768200A9DDDC /* 2.2.7.swift in Sources */ = {isa = PBXBuildFile; fileRef = 631751B21D59768200A9DDDC /* 2.2.7.swift */; };
		631751BF1D59768200A9DDDC /* 2.3.1.swift in Sources */ = {isa = PBXBuildFile; fileRef = 631751B31D59768200A9DDDC /* 2.3.1.swift */; };
		631751C01D59768200A9DDDC /* 2.3.2.swift in Sources */ = {isa = PBXBuildFile; fileRef = 631751B41D59768200A9DDDC /* 2.3.2.swift */; };
		631751C11D59768200A9DDDC /* 2.3.4.swift in Sources */ = {isa = PBXBuildFile; fileRef = 631751B51D59768200A9DDDC /* 2.3.4.swift */; };
		631F443A1E381B640044C63C /* Sealant.swift in Sources */ = {isa = PBXBuildFile; fileRef = 631F44391E381B640044C63C /* Sealant.swift */; };
		632714CF1E4D08C20043BBB2 /* Fundamentals.swift in Sources */ = {isa = PBXBuildFile; fileRef = 632714CD1E4D082D0043BBB2 /* Fundamentals.swift */; };
		635D642B1D59635300BC0AF5 /* StressTests.swift in Sources */ = {isa = PBXBuildFile; fileRef = 635D64161D59635300BC0AF5 /* StressTests.swift */; };
		635D642C1D59635300BC0AF5 /* RegressionTests.swift in Sources */ = {isa = PBXBuildFile; fileRef = 635D64171D59635300BC0AF5 /* RegressionTests.swift */; };
		635D64301D596E8500BC0AF5 /* PromiseKit.framework in Frameworks */ = {isa = PBXBuildFile; fileRef = 63B0AC571D595E1B00FA21D9 /* PromiseKit.framework */; };
		63611ADE1E4D6CD40031BD6C /* AnyPromise.m in Sources */ = {isa = PBXBuildFile; fileRef = 63611ADD1E4D6CD40031BD6C /* AnyPromise.m */; };
		63611AE01E4D6E280031BD6C /* AnyPromise.h in Headers */ = {isa = PBXBuildFile; fileRef = 63611ADF1E4D6E280031BD6C /* AnyPromise.h */; settings = {ATTRIBUTES = (Public, ); }; };
		6375053F1E4E1D3100DE318B /* Features.swift in Sources */ = {isa = PBXBuildFile; fileRef = 6375053D1E4E1C8600DE318B /* Features.swift */; };
		639F72DD1E38160C00F08DD5 /* firstly.swift in Sources */ = {isa = PBXBuildFile; fileRef = 639F72DC1E38160C00F08DD5 /* firstly.swift */; };
		63B0AC801D595E6300FA21D9 /* after.swift in Sources */ = {isa = PBXBuildFile; fileRef = 63B0AC621D595E6300FA21D9 /* after.swift */; };
		63B0AC871D595E6300FA21D9 /* Error.swift in Sources */ = {isa = PBXBuildFile; fileRef = 63B0AC691D595E6300FA21D9 /* Error.swift */; };
		63B0AC8F1D595E6300FA21D9 /* Promise.swift in Sources */ = {isa = PBXBuildFile; fileRef = 63B0AC721D595E6300FA21D9 /* Promise.swift */; };
		63B0AC931D595E6300FA21D9 /* PromiseKit.h in Headers */ = {isa = PBXBuildFile; fileRef = 63B0AC761D595E6300FA21D9 /* PromiseKit.h */; settings = {ATTRIBUTES = (Public, ); }; };
		63E79EA51E16F86400D363A8 /* ExecutionContext.swift in Sources */ = {isa = PBXBuildFile; fileRef = 63E79EA41E16F86400D363A8 /* ExecutionContext.swift */; };
/* End PBXBuildFile section */

/* Begin PBXContainerItemProxy section */
		6317518D1D59766500A9DDDC /* PBXContainerItemProxy */ = {
			isa = PBXContainerItemProxy;
			containerPortal = 6399A3721D595D9100D65233 /* Project object */;
			proxyType = 1;
			remoteGlobalIDString = 63B0AC561D595E1B00FA21D9;
			remoteInfo = PromiseKit;
		};
		635D64041D5962F900BC0AF5 /* PBXContainerItemProxy */ = {
			isa = PBXContainerItemProxy;
			containerPortal = 6399A3721D595D9100D65233 /* Project object */;
			proxyType = 1;
			remoteGlobalIDString = 63B0AC561D595E1B00FA21D9;
			remoteInfo = PromiseKit;
		};
/* End PBXContainerItemProxy section */

/* Begin PBXFileReference section */
		49A5584B1DC5172F00E4D01B /* WrapTests.swift */ = {isa = PBXFileReference; fileEncoding = 4; lastKnownFileType = sourcecode.swift; name = WrapTests.swift; path = Tests/CorePromise/WrapTests.swift; sourceTree = "<group>"; };
		630019221D596292003B4E30 /* PMKCoreTests.xctest */ = {isa = PBXFileReference; explicitFileType = wrapper.cfbundle; includeInIndex = 0; path = PMKCoreTests.xctest; sourceTree = BUILT_PRODUCTS_DIR; };
		630F217C1E3FE84A00F6DB1E /* Promise+deprecations.swift */ = {isa = PBXFileReference; fileEncoding = 4; lastKnownFileType = sourcecode.swift; name = "Promise+deprecations.swift"; path = "Sources/Promise+deprecations.swift"; sourceTree = "<group>"; };
		630F217E1E3FF68A00F6DB1E /* Infrastructure.swift */ = {isa = PBXFileReference; fileEncoding = 4; lastKnownFileType = sourcecode.swift; name = Infrastructure.swift; path = Tests/Infrastructure.swift; sourceTree = "<group>"; };
		631751A81D59766500A9DDDC /* PMKA+Tests.xctest */ = {isa = PBXFileReference; explicitFileType = wrapper.cfbundle; includeInIndex = 0; path = "PMKA+Tests.xctest"; sourceTree = BUILT_PRODUCTS_DIR; };
		631751AB1D59768200A9DDDC /* 0.0.0.swift */ = {isa = PBXFileReference; fileEncoding = 4; lastKnownFileType = sourcecode.swift; path = 0.0.0.swift; sourceTree = "<group>"; };
		631751AC1D59768200A9DDDC /* 2.1.2.swift */ = {isa = PBXFileReference; fileEncoding = 4; lastKnownFileType = sourcecode.swift; path = 2.1.2.swift; sourceTree = "<group>"; };
		631751AD1D59768200A9DDDC /* 2.1.3.swift */ = {isa = PBXFileReference; fileEncoding = 4; lastKnownFileType = sourcecode.swift; path = 2.1.3.swift; sourceTree = "<group>"; };
		631751AE1D59768200A9DDDC /* 2.2.2.swift */ = {isa = PBXFileReference; fileEncoding = 4; lastKnownFileType = sourcecode.swift; path = 2.2.2.swift; sourceTree = "<group>"; };
		631751AF1D59768200A9DDDC /* 2.2.3.swift */ = {isa = PBXFileReference; fileEncoding = 4; lastKnownFileType = sourcecode.swift; path = 2.2.3.swift; sourceTree = "<group>"; };
		631751B01D59768200A9DDDC /* 2.2.4.swift */ = {isa = PBXFileReference; fileEncoding = 4; lastKnownFileType = sourcecode.swift; path = 2.2.4.swift; sourceTree = "<group>"; };
		631751B11D59768200A9DDDC /* 2.2.6.swift */ = {isa = PBXFileReference; fileEncoding = 4; lastKnownFileType = sourcecode.swift; path = 2.2.6.swift; sourceTree = "<group>"; };
		631751B21D59768200A9DDDC /* 2.2.7.swift */ = {isa = PBXFileReference; fileEncoding = 4; lastKnownFileType = sourcecode.swift; path = 2.2.7.swift; sourceTree = "<group>"; };
		631751B31D59768200A9DDDC /* 2.3.1.swift */ = {isa = PBXFileReference; fileEncoding = 4; lastKnownFileType = sourcecode.swift; path = 2.3.1.swift; sourceTree = "<group>"; };
		631751B41D59768200A9DDDC /* 2.3.2.swift */ = {isa = PBXFileReference; fileEncoding = 4; lastKnownFileType = sourcecode.swift; path = 2.3.2.swift; sourceTree = "<group>"; };
		631751B51D59768200A9DDDC /* 2.3.4.swift */ = {isa = PBXFileReference; fileEncoding = 4; lastKnownFileType = sourcecode.swift; path = 2.3.4.swift; sourceTree = "<group>"; };
		631751B61D59768200A9DDDC /* README.md */ = {isa = PBXFileReference; fileEncoding = 4; lastKnownFileType = net.daringfireball.markdown; path = README.md; sourceTree = "<group>"; };
		631F44391E381B640044C63C /* Sealant.swift */ = {isa = PBXFileReference; fileEncoding = 4; lastKnownFileType = sourcecode.swift; name = Sealant.swift; path = Sources/Sealant.swift; sourceTree = "<group>"; };
		632714CD1E4D082D0043BBB2 /* Fundamentals.swift */ = {isa = PBXFileReference; fileEncoding = 4; lastKnownFileType = sourcecode.swift; name = Fundamentals.swift; path = Tests/CorePromise/Fundamentals.swift; sourceTree = "<group>"; };
		635893921D5BE4E000F14B55 /* PromiseKit.playground */ = {isa = PBXFileReference; lastKnownFileType = file.playground; path = PromiseKit.playground; sourceTree = "<group>"; };
		635893931D5BE4F900F14B55 /* CHANGELOG.markdown */ = {isa = PBXFileReference; lastKnownFileType = net.daringfireball.markdown; path = CHANGELOG.markdown; sourceTree = "<group>"; };
		635893941D5BE4F900F14B55 /* LICENSE */ = {isa = PBXFileReference; lastKnownFileType = text; path = LICENSE; sourceTree = "<group>"; };
		635893951D5BE4F900F14B55 /* Package.swift */ = {isa = PBXFileReference; lastKnownFileType = sourcecode.swift; path = Package.swift; sourceTree = "<group>"; };
		635893961D5BE4F900F14B55 /* PromiseKit.podspec */ = {isa = PBXFileReference; lastKnownFileType = text; path = PromiseKit.podspec; sourceTree = "<group>"; };
		635893971D5BE4F900F14B55 /* README.markdown */ = {isa = PBXFileReference; lastKnownFileType = net.daringfireball.markdown; path = README.markdown; sourceTree = "<group>"; };
		635D64161D59635300BC0AF5 /* StressTests.swift */ = {isa = PBXFileReference; fileEncoding = 4; lastKnownFileType = sourcecode.swift; name = StressTests.swift; path = Tests/CorePromise/StressTests.swift; sourceTree = "<group>"; };
		635D64171D59635300BC0AF5 /* RegressionTests.swift */ = {isa = PBXFileReference; fileEncoding = 4; lastKnownFileType = sourcecode.swift; name = RegressionTests.swift; path = Tests/CorePromise/RegressionTests.swift; sourceTree = "<group>"; };
		63611ADD1E4D6CD40031BD6C /* AnyPromise.m */ = {isa = PBXFileReference; fileEncoding = 4; lastKnownFileType = sourcecode.c.objc; name = AnyPromise.m; path = Sources/AnyPromise.m; sourceTree = "<group>"; };
		63611ADF1E4D6E280031BD6C /* AnyPromise.h */ = {isa = PBXFileReference; fileEncoding = 4; lastKnownFileType = sourcecode.c.h; name = AnyPromise.h; path = Sources/AnyPromise.h; sourceTree = "<group>"; };
		6375053D1E4E1C8600DE318B /* Features.swift */ = {isa = PBXFileReference; fileEncoding = 4; lastKnownFileType = sourcecode.swift; name = Features.swift; path = Tests/CorePromise/Features.swift; sourceTree = "<group>"; };
		639F72DC1E38160C00F08DD5 /* firstly.swift */ = {isa = PBXFileReference; fileEncoding = 4; lastKnownFileType = sourcecode.swift; name = firstly.swift; path = Sources/firstly.swift; sourceTree = "<group>"; };
		63B0AC571D595E1B00FA21D9 /* PromiseKit.framework */ = {isa = PBXFileReference; explicitFileType = wrapper.framework; includeInIndex = 0; path = PromiseKit.framework; sourceTree = BUILT_PRODUCTS_DIR; };
		63B0AC621D595E6300FA21D9 /* after.swift */ = {isa = PBXFileReference; fileEncoding = 4; lastKnownFileType = sourcecode.swift; name = after.swift; path = Sources/after.swift; sourceTree = "<group>"; };
		63B0AC691D595E6300FA21D9 /* Error.swift */ = {isa = PBXFileReference; fileEncoding = 4; lastKnownFileType = sourcecode.swift; name = Error.swift; path = Sources/Error.swift; sourceTree = "<group>"; };
		63B0AC6C1D595E6300FA21D9 /* Info.plist */ = {isa = PBXFileReference; fileEncoding = 4; lastKnownFileType = text.plist.xml; name = Info.plist; path = Sources/Info.plist; sourceTree = "<group>"; };
		63B0AC721D595E6300FA21D9 /* Promise.swift */ = {isa = PBXFileReference; fileEncoding = 4; lastKnownFileType = sourcecode.swift; name = Promise.swift; path = Sources/Promise.swift; sourceTree = "<group>"; };
		63B0AC761D595E6300FA21D9 /* PromiseKit.h */ = {isa = PBXFileReference; fileEncoding = 4; lastKnownFileType = sourcecode.c.h; name = PromiseKit.h; path = Sources/PromiseKit.h; sourceTree = "<group>"; };
		63E79EA41E16F86400D363A8 /* ExecutionContext.swift */ = {isa = PBXFileReference; fileEncoding = 4; lastKnownFileType = sourcecode.swift; name = ExecutionContext.swift; path = Sources/ExecutionContext.swift; sourceTree = "<group>"; };
/* End PBXFileReference section */

/* Begin PBXFrameworksBuildPhase section */
		630019181D596292003B4E30 /* Frameworks */ = {
			isa = PBXFrameworksBuildPhase;
			buildActionMask = 2147483647;
			files = (
				635D64301D596E8500BC0AF5 /* PromiseKit.framework in Frameworks */,
			);
			runOnlyForDeploymentPostprocessing = 0;
		};
		631751A31D59766500A9DDDC /* Frameworks */ = {
			isa = PBXFrameworksBuildPhase;
			buildActionMask = 2147483647;
			files = (
				631751A41D59766500A9DDDC /* PromiseKit.framework in Frameworks */,
			);
			runOnlyForDeploymentPostprocessing = 0;
		};
		63B0AC531D595E1B00FA21D9 /* Frameworks */ = {
			isa = PBXFrameworksBuildPhase;
			buildActionMask = 2147483647;
			files = (
			);
			runOnlyForDeploymentPostprocessing = 0;
		};
/* End PBXFrameworksBuildPhase section */

/* Begin PBXGroup section */
		6317518A1D59765700A9DDDC /* Core */ = {
			isa = PBXGroup;
			children = (
				6375053D1E4E1C8600DE318B /* Features.swift */,
				632714CD1E4D082D0043BBB2 /* Fundamentals.swift */,
				635D64161D59635300BC0AF5 /* StressTests.swift */,
				635D64171D59635300BC0AF5 /* RegressionTests.swift */,
				49A5584B1DC5172F00E4D01B /* WrapTests.swift */,
			);
			name = Core;
			sourceTree = "<group>";
		};
		631751AA1D59768200A9DDDC /* A+ */ = {
			isa = PBXGroup;
			children = (
				631751AB1D59768200A9DDDC /* 0.0.0.swift */,
				631751AC1D59768200A9DDDC /* 2.1.2.swift */,
				631751AD1D59768200A9DDDC /* 2.1.3.swift */,
				631751AE1D59768200A9DDDC /* 2.2.2.swift */,
				631751AF1D59768200A9DDDC /* 2.2.3.swift */,
				631751B01D59768200A9DDDC /* 2.2.4.swift */,
				631751B11D59768200A9DDDC /* 2.2.6.swift */,
				631751B21D59768200A9DDDC /* 2.2.7.swift */,
				631751B31D59768200A9DDDC /* 2.3.1.swift */,
				631751B41D59768200A9DDDC /* 2.3.2.swift */,
				631751B51D59768200A9DDDC /* 2.3.4.swift */,
				631751B61D59768200A9DDDC /* README.md */,
			);
			name = "A+";
			path = "Tests/A+";
			sourceTree = "<group>";
		};
		635893991D5BE51700F14B55 /* … */ = {
			isa = PBXGroup;
			children = (
				63B0AC581D595E1B00FA21D9 /* Products */,
				63B0AC6C1D595E6300FA21D9 /* Info.plist */,
				635893931D5BE4F900F14B55 /* CHANGELOG.markdown */,
				635893941D5BE4F900F14B55 /* LICENSE */,
				635893951D5BE4F900F14B55 /* Package.swift */,
				635893961D5BE4F900F14B55 /* PromiseKit.podspec */,
			);
			name = "…";
			sourceTree = "<group>";
		};
		635D64061D59630200BC0AF5 /* Tests */ = {
			isa = PBXGroup;
			children = (
				631751AA1D59768200A9DDDC /* A+ */,
				6317518A1D59765700A9DDDC /* Core */,
				630F217E1E3FF68A00F6DB1E /* Infrastructure.swift */,
			);
			name = Tests;
			sourceTree = "<group>";
		};
		6399A3711D595D9100D65233 = {
			isa = PBXGroup;
			children = (
				635893971D5BE4F900F14B55 /* README.markdown */,
				635893921D5BE4E000F14B55 /* PromiseKit.playground */,
				63B0AC601D595E4C00FA21D9 /* Sources */,
				63B0AC9E1D595E7E00FA21D9 /* Headers */,
				63B0AC9C1D595E6900FA21D9 /* Features */,
				635D64061D59630200BC0AF5 /* Tests */,
				635893991D5BE51700F14B55 /* … */,
			);
			sourceTree = "<group>";
		};
		63B0AC581D595E1B00FA21D9 /* Products */ = {
			isa = PBXGroup;
			children = (
				63B0AC571D595E1B00FA21D9 /* PromiseKit.framework */,
				630019221D596292003B4E30 /* PMKCoreTests.xctest */,
				631751A81D59766500A9DDDC /* PMKA+Tests.xctest */,
			);
			name = Products;
			sourceTree = "<group>";
		};
		63B0AC601D595E4C00FA21D9 /* Sources */ = {
			isa = PBXGroup;
			children = (
				63B0AC691D595E6300FA21D9 /* Error.swift */,
				63E79EA41E16F86400D363A8 /* ExecutionContext.swift */,
				63B0AC721D595E6300FA21D9 /* Promise.swift */,
				631F44391E381B640044C63C /* Sealant.swift */,
				630F217C1E3FE84A00F6DB1E /* Promise+deprecations.swift */,
				63611ADD1E4D6CD40031BD6C /* AnyPromise.m */,
			);
			name = Sources;
			sourceTree = "<group>";
		};
		63B0AC9C1D595E6900FA21D9 /* Features */ = {
			isa = PBXGroup;
			children = (
				63B0AC621D595E6300FA21D9 /* after.swift */,
				639F72DC1E38160C00F08DD5 /* firstly.swift */,
			);
			name = Features;
			sourceTree = "<group>";
		};
		63B0AC9E1D595E7E00FA21D9 /* Headers */ = {
			isa = PBXGroup;
			children = (
				63B0AC761D595E6300FA21D9 /* PromiseKit.h */,
				63611ADF1E4D6E280031BD6C /* AnyPromise.h */,
			);
			name = Headers;
			sourceTree = "<group>";
		};
/* End PBXGroup section */

/* Begin PBXHeadersBuildPhase section */
		63B0AC541D595E1B00FA21D9 /* Headers */ = {
			isa = PBXHeadersBuildPhase;
			buildActionMask = 2147483647;
			files = (
				63B0AC931D595E6300FA21D9 /* PromiseKit.h in Headers */,
				63611AE01E4D6E280031BD6C /* AnyPromise.h in Headers */,
			);
			runOnlyForDeploymentPostprocessing = 0;
		};
/* End PBXHeadersBuildPhase section */

/* Begin PBXNativeTarget section */
		630019011D596292003B4E30 /* PMKCoreTests */ = {
			isa = PBXNativeTarget;
			buildConfigurationList = 6300191F1D596292003B4E30 /* Build configuration list for PBXNativeTarget "PMKCoreTests" */;
			buildPhases = (
				630019021D596292003B4E30 /* Sources */,
				630019181D596292003B4E30 /* Frameworks */,
			);
			buildRules = (
			);
			dependencies = (
				635D64051D5962F900BC0AF5 /* PBXTargetDependency */,
			);
			name = PMKCoreTests;
			productName = PromiseKit;
			productReference = 630019221D596292003B4E30 /* PMKCoreTests.xctest */;
			productType = "com.apple.product-type.bundle.unit-test";
		};
		6317518B1D59766500A9DDDC /* PMKA+Tests */ = {
			isa = PBXNativeTarget;
			buildConfigurationList = 631751A51D59766500A9DDDC /* Build configuration list for PBXNativeTarget "PMKA+Tests" */;
			buildPhases = (
				6317518E1D59766500A9DDDC /* Sources */,
				631751A31D59766500A9DDDC /* Frameworks */,
			);
			buildRules = (
			);
			dependencies = (
				6317518C1D59766500A9DDDC /* PBXTargetDependency */,
			);
			name = "PMKA+Tests";
			productName = PromiseKit;
			productReference = 631751A81D59766500A9DDDC /* PMKA+Tests.xctest */;
			productType = "com.apple.product-type.bundle.unit-test";
		};
		63B0AC561D595E1B00FA21D9 /* PromiseKit */ = {
			isa = PBXNativeTarget;
			buildConfigurationList = 63B0AC5F1D595E1B00FA21D9 /* Build configuration list for PBXNativeTarget "PromiseKit" */;
			buildPhases = (
				63B0AC521D595E1B00FA21D9 /* Sources */,
				63B0AC531D595E1B00FA21D9 /* Frameworks */,
				63B0AC541D595E1B00FA21D9 /* Headers */,
			);
			buildRules = (
			);
			dependencies = (
			);
			name = PromiseKit;
			productName = PromiseKit;
			productReference = 63B0AC571D595E1B00FA21D9 /* PromiseKit.framework */;
			productType = "com.apple.product-type.framework";
		};
/* End PBXNativeTarget section */

/* Begin PBXProject section */
		6399A3721D595D9100D65233 /* Project object */ = {
			isa = PBXProject;
			attributes = {
				LastUpgradeCheck = 0810;
				TargetAttributes = {
					630019011D596292003B4E30 = {
						LastSwiftMigration = 0800;
					};
					63B0AC561D595E1B00FA21D9 = {
						CreatedOnToolsVersion = 8.0;
						LastSwiftMigration = 0830;
						ProvisioningStyle = Automatic;
					};
				};
			};
			buildConfigurationList = 6399A3751D595D9100D65233 /* Build configuration list for PBXProject "PromiseKit" */;
			compatibilityVersion = "Xcode 3.2";
			developmentRegion = English;
			hasScannedForEncodings = 0;
			knownRegions = (
				en,
			);
			mainGroup = 6399A3711D595D9100D65233;
			productRefGroup = 63B0AC581D595E1B00FA21D9 /* Products */;
			projectDirPath = "";
			projectRoot = "";
			targets = (
				63B0AC561D595E1B00FA21D9 /* PromiseKit */,
				6317518B1D59766500A9DDDC /* PMKA+Tests */,
				630019011D596292003B4E30 /* PMKCoreTests */,
			);
		};
/* End PBXProject section */

/* Begin PBXSourcesBuildPhase section */
		630019021D596292003B4E30 /* Sources */ = {
			isa = PBXSourcesBuildPhase;
			buildActionMask = 2147483647;
			files = (
				6375053F1E4E1D3100DE318B /* Features.swift in Sources */,
				632714CF1E4D08C20043BBB2 /* Fundamentals.swift in Sources */,
				630F21801E3FF68A00F6DB1E /* Infrastructure.swift in Sources */,
				635D642B1D59635300BC0AF5 /* StressTests.swift in Sources */,
				49A5584D1DC5185900E4D01B /* WrapTests.swift in Sources */,
				635D642C1D59635300BC0AF5 /* RegressionTests.swift in Sources */,
			);
			runOnlyForDeploymentPostprocessing = 0;
		};
		6317518E1D59766500A9DDDC /* Sources */ = {
			isa = PBXSourcesBuildPhase;
			buildActionMask = 2147483647;
			files = (
				630F217F1E3FF68A00F6DB1E /* Infrastructure.swift in Sources */,
				631751C11D59768200A9DDDC /* 2.3.4.swift in Sources */,
				631751BA1D59768200A9DDDC /* 2.2.2.swift in Sources */,
				631751BF1D59768200A9DDDC /* 2.3.1.swift in Sources */,
				631751B91D59768200A9DDDC /* 2.1.3.swift in Sources */,
				631751BD1D59768200A9DDDC /* 2.2.6.swift in Sources */,
				631751B71D59768200A9DDDC /* 0.0.0.swift in Sources */,
				631751C01D59768200A9DDDC /* 2.3.2.swift in Sources */,
				631751B81D59768200A9DDDC /* 2.1.2.swift in Sources */,
				631751BE1D59768200A9DDDC /* 2.2.7.swift in Sources */,
				631751BC1D59768200A9DDDC /* 2.2.4.swift in Sources */,
				631751BB1D59768200A9DDDC /* 2.2.3.swift in Sources */,
			);
			runOnlyForDeploymentPostprocessing = 0;
		};
		63B0AC521D595E1B00FA21D9 /* Sources */ = {
			isa = PBXSourcesBuildPhase;
			buildActionMask = 2147483647;
			files = (
				630F217D1E3FE84A00F6DB1E /* Promise+deprecations.swift in Sources */,
				63B0AC801D595E6300FA21D9 /* after.swift in Sources */,
				63B0AC8F1D595E6300FA21D9 /* Promise.swift in Sources */,
				631F443A1E381B640044C63C /* Sealant.swift in Sources */,
				63E79EA51E16F86400D363A8 /* ExecutionContext.swift in Sources */,
				639F72DD1E38160C00F08DD5 /* firstly.swift in Sources */,
				63611ADE1E4D6CD40031BD6C /* AnyPromise.m in Sources */,
				63B0AC871D595E6300FA21D9 /* Error.swift in Sources */,
			);
			runOnlyForDeploymentPostprocessing = 0;
		};
/* End PBXSourcesBuildPhase section */

/* Begin PBXTargetDependency section */
		6317518C1D59766500A9DDDC /* PBXTargetDependency */ = {
			isa = PBXTargetDependency;
			target = 63B0AC561D595E1B00FA21D9 /* PromiseKit */;
			targetProxy = 6317518D1D59766500A9DDDC /* PBXContainerItemProxy */;
		};
		635D64051D5962F900BC0AF5 /* PBXTargetDependency */ = {
			isa = PBXTargetDependency;
			target = 63B0AC561D595E1B00FA21D9 /* PromiseKit */;
			targetProxy = 635D64041D5962F900BC0AF5 /* PBXContainerItemProxy */;
		};
/* End PBXTargetDependency section */

/* Begin XCBuildConfiguration section */
		630019201D596292003B4E30 /* Debug */ = {
			isa = XCBuildConfiguration;
			buildSettings = {
				ALWAYS_EMBED_SWIFT_STANDARD_LIBRARIES = YES;
				LD_RUNPATH_SEARCH_PATHS = "$(inherited) @executable_path/Frameworks @loader_path/Frameworks";
				"LD_RUNPATH_SEARCH_PATHS[sdk=macosx*]" = "$(inherited) @executable_path/../Frameworks @loader_path/../Frameworks";
				SWIFT_INSTALL_OBJC_HEADER = NO;
				SWIFT_SUPPRESS_WARNINGS = YES;
			};
			name = Debug;
		};
		630019211D596292003B4E30 /* Release */ = {
			isa = XCBuildConfiguration;
			buildSettings = {
				ALWAYS_EMBED_SWIFT_STANDARD_LIBRARIES = YES;
				LD_RUNPATH_SEARCH_PATHS = "$(inherited) @executable_path/Frameworks @loader_path/Frameworks";
				"LD_RUNPATH_SEARCH_PATHS[sdk=macosx*]" = "$(inherited) @executable_path/../Frameworks @loader_path/../Frameworks";
				SWIFT_INSTALL_OBJC_HEADER = NO;
				SWIFT_SUPPRESS_WARNINGS = YES;
			};
			name = Release;
		};
		631751A61D59766500A9DDDC /* Debug */ = {
			isa = XCBuildConfiguration;
			buildSettings = {
				ALWAYS_EMBED_SWIFT_STANDARD_LIBRARIES = YES;
				LD_RUNPATH_SEARCH_PATHS = "$(inherited) @executable_path/Frameworks @loader_path/Frameworks";
				"LD_RUNPATH_SEARCH_PATHS[sdk=macosx*]" = "$(inherited) @executable_path/../Frameworks @loader_path/../Frameworks";
				SWIFT_INSTALL_OBJC_HEADER = NO;
				SWIFT_SUPPRESS_WARNINGS = YES;
			};
			name = Debug;
		};
		631751A71D59766500A9DDDC /* Release */ = {
			isa = XCBuildConfiguration;
			buildSettings = {
				ALWAYS_EMBED_SWIFT_STANDARD_LIBRARIES = YES;
				LD_RUNPATH_SEARCH_PATHS = "@executable_path/Frameworks @loader_path/Frameworks";
				"LD_RUNPATH_SEARCH_PATHS[sdk=macosx*]" = "$(inherited) @executable_path/../Frameworks @loader_path/../Frameworks";
				SWIFT_INSTALL_OBJC_HEADER = NO;
				SWIFT_SUPPRESS_WARNINGS = YES;
			};
			name = Release;
		};
		6399A3761D595D9100D65233 /* Debug */ = {
			isa = XCBuildConfiguration;
			buildSettings = {
				ALWAYS_SEARCH_USER_PATHS = NO;
				CLANG_ANALYZER_NONNULL = YES;
				CLANG_ENABLE_MODULES = YES;
				CLANG_ENABLE_OBJC_ARC = YES;
				CLANG_WARN_BOOL_CONVERSION = YES;
				CLANG_WARN_CONSTANT_CONVERSION = YES;
				CLANG_WARN_DIRECT_OBJC_ISA_USAGE = YES_ERROR;
				CLANG_WARN_EMPTY_BODY = YES;
				CLANG_WARN_ENUM_CONVERSION = YES;
				CLANG_WARN_INFINITE_RECURSION = YES;
				CLANG_WARN_INT_CONVERSION = YES;
				CLANG_WARN_OBJC_ROOT_CLASS = YES_ERROR;
				CLANG_WARN_SUSPICIOUS_MOVE = YES;
				CLANG_WARN_UNREACHABLE_CODE = YES;
				CLANG_WARN__DUPLICATE_METHOD_MATCH = YES;
				COPY_PHASE_STRIP = NO;
				CURRENT_PROJECT_VERSION = "5.0.0-alpha4";
				DEBUG_INFORMATION_FORMAT = dwarf;
				ENABLE_STRICT_OBJC_MSGSEND = YES;
				ENABLE_TESTABILITY = YES;
				GCC_NO_COMMON_BLOCKS = YES;
				GCC_OPTIMIZATION_LEVEL = 0;
				GCC_PREPROCESSOR_DEFINITIONS = "DEBUG=1";
				GCC_WARN_64_TO_32_BIT_CONVERSION = YES;
				GCC_WARN_ABOUT_RETURN_TYPE = YES;
				GCC_WARN_UNDECLARED_SELECTOR = YES;
				GCC_WARN_UNINITIALIZED_AUTOS = YES;
				GCC_WARN_UNUSED_FUNCTION = YES;
				GCC_WARN_UNUSED_VARIABLE = YES;
				INFOPLIST_FILE = "$(SRCROOT)/Sources/Info.plist";
				IPHONEOS_DEPLOYMENT_TARGET = 8.0;
				LD_DYLIB_INSTALL_NAME = "@rpath";
				MACOSX_DEPLOYMENT_TARGET = 10.10;
				ONLY_ACTIVE_ARCH = YES;
				PRODUCT_BUNDLE_IDENTIFIER = org.promisekit;
				PRODUCT_BUNDLE_PACKAGE_TYPE = BNDL;
				PRODUCT_NAME = "$(TARGET_NAME)";
				SUPPORTED_PLATFORMS = "macosx appletvsimulator appletvos watchsimulator iphonesimulator watchos iphoneos";
				SWIFT_ACTIVE_COMPILATION_CONDITIONS = DEBUG;
				SWIFT_OPTIMIZATION_LEVEL = "-Onone";
				SWIFT_VERSION = 3.0;
				TVOS_DEPLOYMENT_TARGET = 9.0;
				WATCHOS_DEPLOYMENT_TARGET = 2.0;
			};
			name = Debug;
		};
		6399A3771D595D9100D65233 /* Release */ = {
			isa = XCBuildConfiguration;
			buildSettings = {
				ALWAYS_SEARCH_USER_PATHS = NO;
				CLANG_ANALYZER_NONNULL = YES;
				CLANG_ENABLE_MODULES = YES;
				CLANG_ENABLE_OBJC_ARC = YES;
				CLANG_WARN_BOOL_CONVERSION = YES;
				CLANG_WARN_CONSTANT_CONVERSION = YES;
				CLANG_WARN_DIRECT_OBJC_ISA_USAGE = YES_ERROR;
				CLANG_WARN_EMPTY_BODY = YES;
				CLANG_WARN_ENUM_CONVERSION = YES;
				CLANG_WARN_INFINITE_RECURSION = YES;
				CLANG_WARN_INT_CONVERSION = YES;
				CLANG_WARN_OBJC_ROOT_CLASS = YES_ERROR;
				CLANG_WARN_SUSPICIOUS_MOVE = YES;
				CLANG_WARN_UNREACHABLE_CODE = YES;
				CLANG_WARN__DUPLICATE_METHOD_MATCH = YES;
				COPY_PHASE_STRIP = NO;
				CURRENT_PROJECT_VERSION = "5.0.0-alpha4";
				DEBUG_INFORMATION_FORMAT = "dwarf-with-dsym";
				ENABLE_NS_ASSERTIONS = NO;
				ENABLE_STRICT_OBJC_MSGSEND = YES;
				GCC_NO_COMMON_BLOCKS = YES;
				GCC_WARN_64_TO_32_BIT_CONVERSION = YES;
				GCC_WARN_ABOUT_RETURN_TYPE = YES;
				GCC_WARN_UNDECLARED_SELECTOR = YES;
				GCC_WARN_UNINITIALIZED_AUTOS = YES;
				GCC_WARN_UNUSED_FUNCTION = YES;
				GCC_WARN_UNUSED_VARIABLE = YES;
				INFOPLIST_FILE = "$(SRCROOT)/Sources/Info.plist";
				IPHONEOS_DEPLOYMENT_TARGET = 8.0;
				LD_DYLIB_INSTALL_NAME = "@rpath";
				MACOSX_DEPLOYMENT_TARGET = 10.10;
				PRODUCT_BUNDLE_IDENTIFIER = org.promisekit;
				PRODUCT_BUNDLE_PACKAGE_TYPE = BNDL;
				PRODUCT_NAME = "$(TARGET_NAME)";
				SUPPORTED_PLATFORMS = "macosx appletvsimulator appletvos watchsimulator iphonesimulator watchos iphoneos";
				SWIFT_OPTIMIZATION_LEVEL = "-Owholemodule";
				SWIFT_VERSION = 3.0;
				TVOS_DEPLOYMENT_TARGET = 9.0;
				WATCHOS_DEPLOYMENT_TARGET = 2.0;
			};
			name = Release;
		};
		63B0AC5D1D595E1B00FA21D9 /* Debug */ = {
			isa = XCBuildConfiguration;
			buildSettings = {
				APPLICATION_EXTENSION_API_ONLY = YES;
				CLANG_ENABLE_MODULES = YES;
				CLANG_WARN_ASSIGN_ENUM = YES;
				CLANG_WARN_BOOL_CONVERSION = YES;
				CLANG_WARN_CONSTANT_CONVERSION = YES;
				CLANG_WARN_DOCUMENTATION_COMMENTS = YES;
				CLANG_WARN_EMPTY_BODY = YES;
				CLANG_WARN_ENUM_CONVERSION = YES;
				CLANG_WARN_IMPLICIT_SIGN_CONVERSION = YES;
				CLANG_WARN_INFINITE_RECURSION = YES;
				CLANG_WARN_INT_CONVERSION = YES;
				CLANG_WARN_SUSPICIOUS_IMPLICIT_CONVERSION = YES;
				CLANG_WARN_UNREACHABLE_CODE = YES_AGGRESSIVE;
				DEFINES_MODULE = YES;
				DYLIB_INSTALL_NAME_BASE = "@rpath";
				ENABLE_TESTABILITY = YES;
				GCC_TREAT_IMPLICIT_FUNCTION_DECLARATIONS_AS_ERRORS = YES;
				GCC_TREAT_INCOMPATIBLE_POINTER_TYPE_WARNINGS_AS_ERRORS = YES;
				GCC_WARN_64_TO_32_BIT_CONVERSION = YES;
				GCC_WARN_ABOUT_MISSING_FIELD_INITIALIZERS = YES;
				GCC_WARN_ABOUT_MISSING_NEWLINE = YES;
				GCC_WARN_ABOUT_RETURN_TYPE = YES;
				GCC_WARN_FOUR_CHARACTER_CONSTANTS = YES;
				GCC_WARN_INITIALIZER_NOT_FULLY_BRACKETED = YES;
				GCC_WARN_SHADOW = NO;
				GCC_WARN_SIGN_COMPARE = YES;
				GCC_WARN_UNINITIALIZED_AUTOS = YES_AGGRESSIVE;
				GCC_WARN_UNKNOWN_PRAGMAS = YES;
				GCC_WARN_UNUSED_FUNCTION = YES;
				GCC_WARN_UNUSED_LABEL = YES;
				GCC_WARN_UNUSED_PARAMETER = YES;
				GCC_WARN_UNUSED_VARIABLE = YES;
				LD_DYLIB_INSTALL_NAME = "$(DYLIB_INSTALL_NAME_BASE:standardizepath)/$(EXECUTABLE_PATH)";
				LD_RUNPATH_SEARCH_PATHS = "$(inherited) @executable_path/Frameworks @loader_path/Frameworks";
				PRODUCT_BUNDLE_PACKAGE_TYPE = FMWK;
				SKIP_INSTALL = YES;
				SWIFT_OPTIMIZATION_LEVEL = "-Onone";
				SWIFT_VERSION = 3.0;
				TARGETED_DEVICE_FAMILY = "1,2,3,4";
			};
			name = Debug;
		};
		63B0AC5E1D595E1B00FA21D9 /* Release */ = {
			isa = XCBuildConfiguration;
			buildSettings = {
				APPLICATION_EXTENSION_API_ONLY = YES;
				CLANG_ENABLE_MODULES = YES;
				CLANG_WARN_ASSIGN_ENUM = YES;
				CLANG_WARN_BOOL_CONVERSION = YES;
				CLANG_WARN_CONSTANT_CONVERSION = YES;
				CLANG_WARN_DOCUMENTATION_COMMENTS = YES;
				CLANG_WARN_EMPTY_BODY = YES;
				CLANG_WARN_ENUM_CONVERSION = YES;
				CLANG_WARN_IMPLICIT_SIGN_CONVERSION = YES;
				CLANG_WARN_INFINITE_RECURSION = YES;
				CLANG_WARN_INT_CONVERSION = YES;
				CLANG_WARN_SUSPICIOUS_IMPLICIT_CONVERSION = YES;
				CLANG_WARN_UNREACHABLE_CODE = YES_AGGRESSIVE;
				DEFINES_MODULE = YES;
				DYLIB_INSTALL_NAME_BASE = "@rpath";
				GCC_TREAT_IMPLICIT_FUNCTION_DECLARATIONS_AS_ERRORS = YES;
				GCC_TREAT_INCOMPATIBLE_POINTER_TYPE_WARNINGS_AS_ERRORS = YES;
				GCC_WARN_64_TO_32_BIT_CONVERSION = YES;
				GCC_WARN_ABOUT_MISSING_FIELD_INITIALIZERS = YES;
				GCC_WARN_ABOUT_MISSING_NEWLINE = YES;
				GCC_WARN_ABOUT_RETURN_TYPE = YES;
				GCC_WARN_FOUR_CHARACTER_CONSTANTS = YES;
				GCC_WARN_INITIALIZER_NOT_FULLY_BRACKETED = YES;
				GCC_WARN_SHADOW = NO;
				GCC_WARN_SIGN_COMPARE = YES;
				GCC_WARN_UNINITIALIZED_AUTOS = YES_AGGRESSIVE;
				GCC_WARN_UNKNOWN_PRAGMAS = YES;
				GCC_WARN_UNUSED_FUNCTION = YES;
				GCC_WARN_UNUSED_LABEL = YES;
				GCC_WARN_UNUSED_PARAMETER = YES;
				GCC_WARN_UNUSED_VARIABLE = YES;
				LD_DYLIB_INSTALL_NAME = "$(DYLIB_INSTALL_NAME_BASE:standardizepath)/$(EXECUTABLE_PATH)";
				LD_RUNPATH_SEARCH_PATHS = "$(inherited) @executable_path/Frameworks @loader_path/Frameworks";
				PRODUCT_BUNDLE_PACKAGE_TYPE = FMWK;
				SKIP_INSTALL = YES;
				SWIFT_VERSION = 3.0;
				TARGETED_DEVICE_FAMILY = "1,2,3,4";
			};
			name = Release;
		};
/* End XCBuildConfiguration section */

/* Begin XCConfigurationList section */
		6300191F1D596292003B4E30 /* Build configuration list for PBXNativeTarget "PMKCoreTests" */ = {
			isa = XCConfigurationList;
			buildConfigurations = (
				630019201D596292003B4E30 /* Debug */,
				630019211D596292003B4E30 /* Release */,
			);
			defaultConfigurationIsVisible = 0;
			defaultConfigurationName = Release;
		};
		631751A51D59766500A9DDDC /* Build configuration list for PBXNativeTarget "PMKA+Tests" */ = {
			isa = XCConfigurationList;
			buildConfigurations = (
				631751A61D59766500A9DDDC /* Debug */,
				631751A71D59766500A9DDDC /* Release */,
			);
			defaultConfigurationIsVisible = 0;
			defaultConfigurationName = Release;
		};
		6399A3751D595D9100D65233 /* Build configuration list for PBXProject "PromiseKit" */ = {
			isa = XCConfigurationList;
			buildConfigurations = (
				6399A3761D595D9100D65233 /* Debug */,
				6399A3771D595D9100D65233 /* Release */,
			);
			defaultConfigurationIsVisible = 0;
			defaultConfigurationName = Release;
		};
		63B0AC5F1D595E1B00FA21D9 /* Build configuration list for PBXNativeTarget "PromiseKit" */ = {
			isa = XCConfigurationList;
			buildConfigurations = (
				63B0AC5D1D595E1B00FA21D9 /* Debug */,
				63B0AC5E1D595E1B00FA21D9 /* Release */,
			);
			defaultConfigurationIsVisible = 0;
			defaultConfigurationName = Release;
		};
/* End XCConfigurationList section */
	};
	rootObject = 6399A3721D595D9100D65233 /* Project object */;
}
